// !$*UTF8*$!
{
	archiveVersion = 1;
	classes = {
	};
	objectVersion = 46;
	objects = {

/* Begin PBXBuildFile section */
		228ED12019B97CA50065BE86 /* Foundation.framework in Frameworks */ = {isa = PBXBuildFile; fileRef = 228ED11F19B97CA50065BE86 /* Foundation.framework */; };
		228ED12219B97CA50065BE86 /* CoreGraphics.framework in Frameworks */ = {isa = PBXBuildFile; fileRef = 228ED12119B97CA50065BE86 /* CoreGraphics.framework */; };
		228ED12419B97CA50065BE86 /* UIKit.framework in Frameworks */ = {isa = PBXBuildFile; fileRef = 228ED12319B97CA50065BE86 /* UIKit.framework */; };
		228ED12A19B97CA50065BE86 /* InfoPlist.strings in Resources */ = {isa = PBXBuildFile; fileRef = 228ED12819B97CA50065BE86 /* InfoPlist.strings */; };
		228ED12C19B97CA50065BE86 /* main.m in Sources */ = {isa = PBXBuildFile; fileRef = 228ED12B19B97CA50065BE86 /* main.m */; };
		228ED13019B97CA50065BE86 /* AppDelegate.m in Sources */ = {isa = PBXBuildFile; fileRef = 228ED12F19B97CA50065BE86 /* AppDelegate.m */; };
		228ED13219B97CA50065BE86 /* Images.xcassets in Resources */ = {isa = PBXBuildFile; fileRef = 228ED13119B97CA50065BE86 /* Images.xcassets */; };
		228ED13919B97CA60065BE86 /* XCTest.framework in Frameworks */ = {isa = PBXBuildFile; fileRef = 228ED13819B97CA60065BE86 /* XCTest.framework */; };
		228ED13A19B97CA60065BE86 /* Foundation.framework in Frameworks */ = {isa = PBXBuildFile; fileRef = 228ED11F19B97CA50065BE86 /* Foundation.framework */; };
		228ED13B19B97CA60065BE86 /* UIKit.framework in Frameworks */ = {isa = PBXBuildFile; fileRef = 228ED12319B97CA50065BE86 /* UIKit.framework */; };
		228ED14319B97CA60065BE86 /* InfoPlist.strings in Resources */ = {isa = PBXBuildFile; fileRef = 228ED14119B97CA60065BE86 /* InfoPlist.strings */; };
		228ED14519B97CA60065BE86 /* TwitterNewsReaderTests.m in Sources */ = {isa = PBXBuildFile; fileRef = 228ED14419B97CA60065BE86 /* TwitterNewsReaderTests.m */; };
		228ED15A19B97DC00065BE86 /* ConnectionService.m in Sources */ = {isa = PBXBuildFile; fileRef = 228ED15919B97DC00065BE86 /* ConnectionService.m */; };
		228ED16819BB037A0065BE86 /* Social.framework in Frameworks */ = {isa = PBXBuildFile; fileRef = 228ED16719BB037A0065BE86 /* Social.framework */; };
		228ED17219BB16970065BE86 /* ApplicationRootManager.m in Sources */ = {isa = PBXBuildFile; fileRef = 228ED17119BB16970065BE86 /* ApplicationRootManager.m */; };
		228ED17519BB179E0065BE86 /* NewsFeedViewController.m in Sources */ = {isa = PBXBuildFile; fileRef = 228ED17419BB179E0065BE86 /* NewsFeedViewController.m */; };
		228ED17919BB1DFA0065BE86 /* AccountsManager.m in Sources */ = {isa = PBXBuildFile; fileRef = 228ED17819BB1DFA0065BE86 /* AccountsManager.m */; };
		228ED17C19BB1E180065BE86 /* AccountsSelectionController.m in Sources */ = {isa = PBXBuildFile; fileRef = 228ED17B19BB1E180065BE86 /* AccountsSelectionController.m */; };
		228ED17F19BC4E840065BE86 /* Tweet.m in Sources */ = {isa = PBXBuildFile; fileRef = 228ED17E19BC4E840065BE86 /* Tweet.m */; };
		228ED18219BC5B560065BE86 /* NSDictionary+Helpers.m in Sources */ = {isa = PBXBuildFile; fileRef = 228ED18119BC5B560065BE86 /* NSDictionary+Helpers.m */; };
		228ED18519BC6B620065BE86 /* ImageCache.m in Sources */ = {isa = PBXBuildFile; fileRef = 228ED18419BC6B620065BE86 /* ImageCache.m */; };
		228ED18819BC6BE00065BE86 /* RemoteImage.m in Sources */ = {isa = PBXBuildFile; fileRef = 228ED18719BC6BE00065BE86 /* RemoteImage.m */; };
		228ED19019BC72260065BE86 /* EGORefreshTableHeaderView.m in Sources */ = {isa = PBXBuildFile; fileRef = 228ED18B19BC72260065BE86 /* EGORefreshTableHeaderView.m */; };
		228ED19119BC72260065BE86 /* LoadMoreTableFooterView.m in Sources */ = {isa = PBXBuildFile; fileRef = 228ED18D19BC72260065BE86 /* LoadMoreTableFooterView.m */; };
		228ED19219BC72260065BE86 /* PullTableView.m in Sources */ = {isa = PBXBuildFile; fileRef = 228ED18F19BC72260065BE86 /* PullTableView.m */; };
		228ED19519BC72440065BE86 /* MessageInterceptor.m in Sources */ = {isa = PBXBuildFile; fileRef = 228ED19419BC72440065BE86 /* MessageInterceptor.m */; };
/* End PBXBuildFile section */

/* Begin PBXContainerItemProxy section */
		228ED13C19B97CA60065BE86 /* PBXContainerItemProxy */ = {
			isa = PBXContainerItemProxy;
			containerPortal = 228ED11419B97CA50065BE86 /* Project object */;
			proxyType = 1;
			remoteGlobalIDString = 228ED11B19B97CA50065BE86;
			remoteInfo = TwitterNewsReader;
		};
/* End PBXContainerItemProxy section */

/* Begin PBXFileReference section */
		228ED11C19B97CA50065BE86 /* TwitterNewsReader.app */ = {isa = PBXFileReference; explicitFileType = wrapper.application; includeInIndex = 0; path = TwitterNewsReader.app; sourceTree = BUILT_PRODUCTS_DIR; };
		228ED11F19B97CA50065BE86 /* Foundation.framework */ = {isa = PBXFileReference; lastKnownFileType = wrapper.framework; name = Foundation.framework; path = System/Library/Frameworks/Foundation.framework; sourceTree = SDKROOT; };
		228ED12119B97CA50065BE86 /* CoreGraphics.framework */ = {isa = PBXFileReference; lastKnownFileType = wrapper.framework; name = CoreGraphics.framework; path = System/Library/Frameworks/CoreGraphics.framework; sourceTree = SDKROOT; };
		228ED12319B97CA50065BE86 /* UIKit.framework */ = {isa = PBXFileReference; lastKnownFileType = wrapper.framework; name = UIKit.framework; path = System/Library/Frameworks/UIKit.framework; sourceTree = SDKROOT; };
		228ED12719B97CA50065BE86 /* TwitterNewsReader-Info.plist */ = {isa = PBXFileReference; lastKnownFileType = text.plist.xml; path = "TwitterNewsReader-Info.plist"; sourceTree = "<group>"; };
		228ED12919B97CA50065BE86 /* en */ = {isa = PBXFileReference; lastKnownFileType = text.plist.strings; name = en; path = en.lproj/InfoPlist.strings; sourceTree = "<group>"; };
		228ED12B19B97CA50065BE86 /* main.m */ = {isa = PBXFileReference; lastKnownFileType = sourcecode.c.objc; path = main.m; sourceTree = "<group>"; };
		228ED12D19B97CA50065BE86 /* TwitterNewsReader-Prefix.pch */ = {isa = PBXFileReference; lastKnownFileType = sourcecode.c.h; path = "TwitterNewsReader-Prefix.pch"; sourceTree = "<group>"; };
		228ED12E19B97CA50065BE86 /* AppDelegate.h */ = {isa = PBXFileReference; lastKnownFileType = sourcecode.c.h; path = AppDelegate.h; sourceTree = "<group>"; };
		228ED12F19B97CA50065BE86 /* AppDelegate.m */ = {isa = PBXFileReference; lastKnownFileType = sourcecode.c.objc; path = AppDelegate.m; sourceTree = "<group>"; };
		228ED13119B97CA50065BE86 /* Images.xcassets */ = {isa = PBXFileReference; lastKnownFileType = folder.assetcatalog; path = Images.xcassets; sourceTree = "<group>"; };
		228ED13719B97CA60065BE86 /* TwitterNewsReaderTests.xctest */ = {isa = PBXFileReference; explicitFileType = wrapper.cfbundle; includeInIndex = 0; path = TwitterNewsReaderTests.xctest; sourceTree = BUILT_PRODUCTS_DIR; };
		228ED13819B97CA60065BE86 /* XCTest.framework */ = {isa = PBXFileReference; lastKnownFileType = wrapper.framework; name = XCTest.framework; path = Library/Frameworks/XCTest.framework; sourceTree = DEVELOPER_DIR; };
		228ED14019B97CA60065BE86 /* TwitterNewsReaderTests-Info.plist */ = {isa = PBXFileReference; lastKnownFileType = text.plist.xml; path = "TwitterNewsReaderTests-Info.plist"; sourceTree = "<group>"; };
		228ED14219B97CA60065BE86 /* en */ = {isa = PBXFileReference; lastKnownFileType = text.plist.strings; name = en; path = en.lproj/InfoPlist.strings; sourceTree = "<group>"; };
		228ED14419B97CA60065BE86 /* TwitterNewsReaderTests.m */ = {isa = PBXFileReference; lastKnownFileType = sourcecode.c.objc; path = TwitterNewsReaderTests.m; sourceTree = "<group>"; };
		228ED15819B97DC00065BE86 /* ConnectionService.h */ = {isa = PBXFileReference; fileEncoding = 4; lastKnownFileType = sourcecode.c.h; path = ConnectionService.h; sourceTree = "<group>"; };
		228ED15919B97DC00065BE86 /* ConnectionService.m */ = {isa = PBXFileReference; fileEncoding = 4; lastKnownFileType = sourcecode.c.objc; path = ConnectionService.m; sourceTree = "<group>"; };
		228ED16719BB037A0065BE86 /* Social.framework */ = {isa = PBXFileReference; lastKnownFileType = wrapper.framework; name = Social.framework; path = System/Library/Frameworks/Social.framework; sourceTree = SDKROOT; };
		228ED17019BB16970065BE86 /* ApplicationRootManager.h */ = {isa = PBXFileReference; fileEncoding = 4; lastKnownFileType = sourcecode.c.h; path = ApplicationRootManager.h; sourceTree = "<group>"; };
		228ED17119BB16970065BE86 /* ApplicationRootManager.m */ = {isa = PBXFileReference; fileEncoding = 4; lastKnownFileType = sourcecode.c.objc; path = ApplicationRootManager.m; sourceTree = "<group>"; };
		228ED17319BB179E0065BE86 /* NewsFeedViewController.h */ = {isa = PBXFileReference; fileEncoding = 4; lastKnownFileType = sourcecode.c.h; path = NewsFeedViewController.h; sourceTree = "<group>"; };
		228ED17419BB179E0065BE86 /* NewsFeedViewController.m */ = {isa = PBXFileReference; fileEncoding = 4; lastKnownFileType = sourcecode.c.objc; path = NewsFeedViewController.m; sourceTree = "<group>"; };
		228ED17719BB1DFA0065BE86 /* AccountsManager.h */ = {isa = PBXFileReference; fileEncoding = 4; lastKnownFileType = sourcecode.c.h; path = AccountsManager.h; sourceTree = "<group>"; };
		228ED17819BB1DFA0065BE86 /* AccountsManager.m */ = {isa = PBXFileReference; fileEncoding = 4; lastKnownFileType = sourcecode.c.objc; path = AccountsManager.m; sourceTree = "<group>"; };
		228ED17A19BB1E180065BE86 /* AccountsSelectionController.h */ = {isa = PBXFileReference; fileEncoding = 4; lastKnownFileType = sourcecode.c.h; path = AccountsSelectionController.h; sourceTree = "<group>"; };
		228ED17B19BB1E180065BE86 /* AccountsSelectionController.m */ = {isa = PBXFileReference; fileEncoding = 4; lastKnownFileType = sourcecode.c.objc; path = AccountsSelectionController.m; sourceTree = "<group>"; };
		228ED17D19BC4E840065BE86 /* Tweet.h */ = {isa = PBXFileReference; fileEncoding = 4; lastKnownFileType = sourcecode.c.h; path = Tweet.h; sourceTree = "<group>"; };
		228ED17E19BC4E840065BE86 /* Tweet.m */ = {isa = PBXFileReference; fileEncoding = 4; lastKnownFileType = sourcecode.c.objc; path = Tweet.m; sourceTree = "<group>"; };
		228ED18019BC5B560065BE86 /* NSDictionary+Helpers.h */ = {isa = PBXFileReference; fileEncoding = 4; lastKnownFileType = sourcecode.c.h; path = "NSDictionary+Helpers.h"; sourceTree = "<group>"; };
		228ED18119BC5B560065BE86 /* NSDictionary+Helpers.m */ = {isa = PBXFileReference; fileEncoding = 4; lastKnownFileType = sourcecode.c.objc; path = "NSDictionary+Helpers.m"; sourceTree = "<group>"; };
		228ED18319BC6B620065BE86 /* ImageCache.h */ = {isa = PBXFileReference; fileEncoding = 4; lastKnownFileType = sourcecode.c.h; path = ImageCache.h; sourceTree = "<group>"; };
		228ED18419BC6B620065BE86 /* ImageCache.m */ = {isa = PBXFileReference; fileEncoding = 4; lastKnownFileType = sourcecode.c.objc; path = ImageCache.m; sourceTree = "<group>"; };
		228ED18619BC6BE00065BE86 /* RemoteImage.h */ = {isa = PBXFileReference; fileEncoding = 4; lastKnownFileType = sourcecode.c.h; path = RemoteImage.h; sourceTree = "<group>"; };
		228ED18719BC6BE00065BE86 /* RemoteImage.m */ = {isa = PBXFileReference; fileEncoding = 4; lastKnownFileType = sourcecode.c.objc; path = RemoteImage.m; sourceTree = "<group>"; };
		228ED18A19BC72260065BE86 /* EGORefreshTableHeaderView.h */ = {isa = PBXFileReference; fileEncoding = 4; lastKnownFileType = sourcecode.c.h; path = EGORefreshTableHeaderView.h; sourceTree = "<group>"; };
		228ED18B19BC72260065BE86 /* EGORefreshTableHeaderView.m */ = {isa = PBXFileReference; fileEncoding = 4; lastKnownFileType = sourcecode.c.objc; path = EGORefreshTableHeaderView.m; sourceTree = "<group>"; };
		228ED18C19BC72260065BE86 /* LoadMoreTableFooterView.h */ = {isa = PBXFileReference; fileEncoding = 4; lastKnownFileType = sourcecode.c.h; path = LoadMoreTableFooterView.h; sourceTree = "<group>"; };
		228ED18D19BC72260065BE86 /* LoadMoreTableFooterView.m */ = {isa = PBXFileReference; fileEncoding = 4; lastKnownFileType = sourcecode.c.objc; path = LoadMoreTableFooterView.m; sourceTree = "<group>"; };
		228ED18E19BC72260065BE86 /* PullTableView.h */ = {isa = PBXFileReference; fileEncoding = 4; lastKnownFileType = sourcecode.c.h; path = PullTableView.h; sourceTree = "<group>"; };
		228ED18F19BC72260065BE86 /* PullTableView.m */ = {isa = PBXFileReference; fileEncoding = 4; lastKnownFileType = sourcecode.c.objc; path = PullTableView.m; sourceTree = "<group>"; };
		228ED19319BC72440065BE86 /* MessageInterceptor.h */ = {isa = PBXFileReference; fileEncoding = 4; lastKnownFileType = sourcecode.c.h; path = MessageInterceptor.h; sourceTree = "<group>"; };
		228ED19419BC72440065BE86 /* MessageInterceptor.m */ = {isa = PBXFileReference; fileEncoding = 4; lastKnownFileType = sourcecode.c.objc; path = MessageInterceptor.m; sourceTree = "<group>"; };
/* End PBXFileReference section */

/* Begin PBXFrameworksBuildPhase section */
		228ED11919B97CA50065BE86 /* Frameworks */ = {
			isa = PBXFrameworksBuildPhase;
			buildActionMask = 2147483647;
			files = (
				228ED16819BB037A0065BE86 /* Social.framework in Frameworks */,
				228ED12219B97CA50065BE86 /* CoreGraphics.framework in Frameworks */,
				228ED12419B97CA50065BE86 /* UIKit.framework in Frameworks */,
				228ED12019B97CA50065BE86 /* Foundation.framework in Frameworks */,
			);
			runOnlyForDeploymentPostprocessing = 0;
		};
		228ED13419B97CA60065BE86 /* Frameworks */ = {
			isa = PBXFrameworksBuildPhase;
			buildActionMask = 2147483647;
			files = (
				228ED13919B97CA60065BE86 /* XCTest.framework in Frameworks */,
				228ED13B19B97CA60065BE86 /* UIKit.framework in Frameworks */,
				228ED13A19B97CA60065BE86 /* Foundation.framework in Frameworks */,
			);
			runOnlyForDeploymentPostprocessing = 0;
		};
/* End PBXFrameworksBuildPhase section */

/* Begin PBXGroup section */
		228ED11319B97CA50065BE86 = {
			isa = PBXGroup;
			children = (
				228ED12519B97CA50065BE86 /* TwitterNewsReader */,
				228ED13E19B97CA60065BE86 /* TwitterNewsReaderTests */,
				228ED11E19B97CA50065BE86 /* Frameworks */,
				228ED11D19B97CA50065BE86 /* Products */,
			);
			sourceTree = "<group>";
		};
		228ED11D19B97CA50065BE86 /* Products */ = {
			isa = PBXGroup;
			children = (
				228ED11C19B97CA50065BE86 /* TwitterNewsReader.app */,
				228ED13719B97CA60065BE86 /* TwitterNewsReaderTests.xctest */,
			);
			name = Products;
			sourceTree = "<group>";
		};
		228ED11E19B97CA50065BE86 /* Frameworks */ = {
			isa = PBXGroup;
			children = (
				228ED16719BB037A0065BE86 /* Social.framework */,
				228ED11F19B97CA50065BE86 /* Foundation.framework */,
				228ED12119B97CA50065BE86 /* CoreGraphics.framework */,
				228ED12319B97CA50065BE86 /* UIKit.framework */,
				228ED13819B97CA60065BE86 /* XCTest.framework */,
			);
			name = Frameworks;
			sourceTree = "<group>";
		};
		228ED12519B97CA50065BE86 /* TwitterNewsReader */ = {
			isa = PBXGroup;
			children = (
				228ED18919BC72100065BE86 /* external */,
				228ED17619BB1DFA0065BE86 /* accounts */,
				228ED14E19B97D440065BE86 /* connection */,
				228ED14F19B97D440065BE86 /* model */,
				228ED15019B97D440065BE86 /* utils */,
				228ED16919BB03A90065BE86 /* news */,
				228ED12E19B97CA50065BE86 /* AppDelegate.h */,
				228ED12F19B97CA50065BE86 /* AppDelegate.m */,
				228ED17019BB16970065BE86 /* ApplicationRootManager.h */,
				228ED17119BB16970065BE86 /* ApplicationRootManager.m */,
				228ED13119B97CA50065BE86 /* Images.xcassets */,
				228ED12619B97CA50065BE86 /* Supporting Files */,
			);
			path = TwitterNewsReader;
			sourceTree = "<group>";
		};
		228ED12619B97CA50065BE86 /* Supporting Files */ = {
			isa = PBXGroup;
			children = (
				228ED12719B97CA50065BE86 /* TwitterNewsReader-Info.plist */,
				228ED12819B97CA50065BE86 /* InfoPlist.strings */,
				228ED12B19B97CA50065BE86 /* main.m */,
				228ED12D19B97CA50065BE86 /* TwitterNewsReader-Prefix.pch */,
			);
			name = "Supporting Files";
			sourceTree = "<group>";
		};
		228ED13E19B97CA60065BE86 /* TwitterNewsReaderTests */ = {
			isa = PBXGroup;
			children = (
				228ED14419B97CA60065BE86 /* TwitterNewsReaderTests.m */,
				228ED13F19B97CA60065BE86 /* Supporting Files */,
			);
			path = TwitterNewsReaderTests;
			sourceTree = "<group>";
		};
		228ED13F19B97CA60065BE86 /* Supporting Files */ = {
			isa = PBXGroup;
			children = (
				228ED14019B97CA60065BE86 /* TwitterNewsReaderTests-Info.plist */,
				228ED14119B97CA60065BE86 /* InfoPlist.strings */,
			);
			name = "Supporting Files";
			sourceTree = "<group>";
		};
		228ED14E19B97D440065BE86 /* connection */ = {
			isa = PBXGroup;
			children = (
				228ED15819B97DC00065BE86 /* ConnectionService.h */,
				228ED15919B97DC00065BE86 /* ConnectionService.m */,
				228ED17D19BC4E840065BE86 /* Tweet.h */,
				228ED17E19BC4E840065BE86 /* Tweet.m */,
				228ED18319BC6B620065BE86 /* ImageCache.h */,
				228ED18419BC6B620065BE86 /* ImageCache.m */,
				228ED18619BC6BE00065BE86 /* RemoteImage.h */,
				228ED18719BC6BE00065BE86 /* RemoteImage.m */,
			);
			path = connection;
			sourceTree = "<group>";
		};
		228ED14F19B97D440065BE86 /* model */ = {
			isa = PBXGroup;
			children = (
			);
			path = model;
			sourceTree = "<group>";
		};
		228ED15019B97D440065BE86 /* utils */ = {
			isa = PBXGroup;
			children = (
				228ED18019BC5B560065BE86 /* NSDictionary+Helpers.h */,
				228ED18119BC5B560065BE86 /* NSDictionary+Helpers.m */,
			);
			path = utils;
			sourceTree = "<group>";
		};
		228ED16919BB03A90065BE86 /* news */ = {
			isa = PBXGroup;
			children = (
				228ED17319BB179E0065BE86 /* NewsFeedViewController.h */,
				228ED17419BB179E0065BE86 /* NewsFeedViewController.m */,
			);
			path = news;
			sourceTree = "<group>";
		};
		228ED17619BB1DFA0065BE86 /* accounts */ = {
			isa = PBXGroup;
			children = (
				228ED17719BB1DFA0065BE86 /* AccountsManager.h */,
				228ED17819BB1DFA0065BE86 /* AccountsManager.m */,
				228ED17A19BB1E180065BE86 /* AccountsSelectionController.h */,
				228ED17B19BB1E180065BE86 /* AccountsSelectionController.m */,
			);
			path = accounts;
			sourceTree = "<group>";
		};
		228ED18919BC72100065BE86 /* external */ = {
			isa = PBXGroup;
			children = (
				228ED19319BC72440065BE86 /* MessageInterceptor.h */,
				228ED19419BC72440065BE86 /* MessageInterceptor.m */,
				228ED18A19BC72260065BE86 /* EGORefreshTableHeaderView.h */,
				228ED18B19BC72260065BE86 /* EGORefreshTableHeaderView.m */,
				228ED18C19BC72260065BE86 /* LoadMoreTableFooterView.h */,
				228ED18D19BC72260065BE86 /* LoadMoreTableFooterView.m */,
				228ED18E19BC72260065BE86 /* PullTableView.h */,
				228ED18F19BC72260065BE86 /* PullTableView.m */,
			);
			path = external;
			sourceTree = "<group>";
		};
/* End PBXGroup section */

/* Begin PBXNativeTarget section */
		228ED11B19B97CA50065BE86 /* TwitterNewsReader */ = {
			isa = PBXNativeTarget;
			buildConfigurationList = 228ED14819B97CA60065BE86 /* Build configuration list for PBXNativeTarget "TwitterNewsReader" */;
			buildPhases = (
				228ED11819B97CA50065BE86 /* Sources */,
				228ED11919B97CA50065BE86 /* Frameworks */,
				228ED11A19B97CA50065BE86 /* Resources */,
			);
			buildRules = (
			);
			dependencies = (
			);
			name = TwitterNewsReader;
			productName = TwitterNewsReader;
			productReference = 228ED11C19B97CA50065BE86 /* TwitterNewsReader.app */;
			productType = "com.apple.product-type.application";
		};
		228ED13619B97CA60065BE86 /* TwitterNewsReaderTests */ = {
			isa = PBXNativeTarget;
			buildConfigurationList = 228ED14B19B97CA60065BE86 /* Build configuration list for PBXNativeTarget "TwitterNewsReaderTests" */;
			buildPhases = (
				228ED13319B97CA60065BE86 /* Sources */,
				228ED13419B97CA60065BE86 /* Frameworks */,
				228ED13519B97CA60065BE86 /* Resources */,
			);
			buildRules = (
			);
			dependencies = (
				228ED13D19B97CA60065BE86 /* PBXTargetDependency */,
			);
			name = TwitterNewsReaderTests;
			productName = TwitterNewsReaderTests;
			productReference = 228ED13719B97CA60065BE86 /* TwitterNewsReaderTests.xctest */;
			productType = "com.apple.product-type.bundle.unit-test";
		};
/* End PBXNativeTarget section */

/* Begin PBXProject section */
		228ED11419B97CA50065BE86 /* Project object */ = {
			isa = PBXProject;
			attributes = {
				LastUpgradeCheck = 0510;
				ORGANIZATIONNAME = "Asya Kononova";
				TargetAttributes = {
					228ED13619B97CA60065BE86 = {
						TestTargetID = 228ED11B19B97CA50065BE86;
					};
				};
			};
			buildConfigurationList = 228ED11719B97CA50065BE86 /* Build configuration list for PBXProject "TwitterNewsReader" */;
			compatibilityVersion = "Xcode 3.2";
			developmentRegion = English;
			hasScannedForEncodings = 0;
			knownRegions = (
				en,
			);
			mainGroup = 228ED11319B97CA50065BE86;
			productRefGroup = 228ED11D19B97CA50065BE86 /* Products */;
			projectDirPath = "";
			projectRoot = "";
			targets = (
				228ED11B19B97CA50065BE86 /* TwitterNewsReader */,
				228ED13619B97CA60065BE86 /* TwitterNewsReaderTests */,
			);
		};
/* End PBXProject section */

/* Begin PBXResourcesBuildPhase section */
		228ED11A19B97CA50065BE86 /* Resources */ = {
			isa = PBXResourcesBuildPhase;
			buildActionMask = 2147483647;
			files = (
				228ED12A19B97CA50065BE86 /* InfoPlist.strings in Resources */,
				228ED13219B97CA50065BE86 /* Images.xcassets in Resources */,
			);
			runOnlyForDeploymentPostprocessing = 0;
		};
		228ED13519B97CA60065BE86 /* Resources */ = {
			isa = PBXResourcesBuildPhase;
			buildActionMask = 2147483647;
			files = (
				228ED14319B97CA60065BE86 /* InfoPlist.strings in Resources */,
			);
			runOnlyForDeploymentPostprocessing = 0;
		};
/* End PBXResourcesBuildPhase section */

/* Begin PBXSourcesBuildPhase section */
		228ED11819B97CA50065BE86 /* Sources */ = {
			isa = PBXSourcesBuildPhase;
			buildActionMask = 2147483647;
			files = (
				228ED19219BC72260065BE86 /* PullTableView.m in Sources */,
				228ED19019BC72260065BE86 /* EGORefreshTableHeaderView.m in Sources */,
				228ED18519BC6B620065BE86 /* ImageCache.m in Sources */,
				228ED17C19BB1E180065BE86 /* AccountsSelectionController.m in Sources */,
				228ED17219BB16970065BE86 /* ApplicationRootManager.m in Sources */,
				228ED17919BB1DFA0065BE86 /* AccountsManager.m in Sources */,
				228ED18219BC5B560065BE86 /* NSDictionary+Helpers.m in Sources */,
				228ED17F19BC4E840065BE86 /* Tweet.m in Sources */,
				228ED17519BB179E0065BE86 /* NewsFeedViewController.m in Sources */,
				228ED19119BC72260065BE86 /* LoadMoreTableFooterView.m in Sources */,
				228ED13019B97CA50065BE86 /* AppDelegate.m in Sources */,
				228ED18819BC6BE00065BE86 /* RemoteImage.m in Sources */,
				228ED19519BC72440065BE86 /* MessageInterceptor.m in Sources */,
				228ED12C19B97CA50065BE86 /* main.m in Sources */,
				228ED15A19B97DC00065BE86 /* ConnectionService.m in Sources */,
			);
			runOnlyForDeploymentPostprocessing = 0;
		};
		228ED13319B97CA60065BE86 /* Sources */ = {
			isa = PBXSourcesBuildPhase;
			buildActionMask = 2147483647;
			files = (
				228ED14519B97CA60065BE86 /* TwitterNewsReaderTests.m in Sources */,
			);
			runOnlyForDeploymentPostprocessing = 0;
		};
/* End PBXSourcesBuildPhase section */

/* Begin PBXTargetDependency section */
		228ED13D19B97CA60065BE86 /* PBXTargetDependency */ = {
			isa = PBXTargetDependency;
			target = 228ED11B19B97CA50065BE86 /* TwitterNewsReader */;
			targetProxy = 228ED13C19B97CA60065BE86 /* PBXContainerItemProxy */;
		};
/* End PBXTargetDependency section */

/* Begin PBXVariantGroup section */
		228ED12819B97CA50065BE86 /* InfoPlist.strings */ = {
			isa = PBXVariantGroup;
			children = (
				228ED12919B97CA50065BE86 /* en */,
			);
			name = InfoPlist.strings;
			sourceTree = "<group>";
		};
		228ED14119B97CA60065BE86 /* InfoPlist.strings */ = {
			isa = PBXVariantGroup;
			children = (
				228ED14219B97CA60065BE86 /* en */,
			);
			name = InfoPlist.strings;
			sourceTree = "<group>";
		};
/* End PBXVariantGroup section */

/* Begin XCBuildConfiguration section */
		228ED14619B97CA60065BE86 /* Debug */ = {
			isa = XCBuildConfiguration;
			buildSettings = {
				ALWAYS_SEARCH_USER_PATHS = NO;
				CLANG_CXX_LANGUAGE_STANDARD = "gnu++0x";
				CLANG_CXX_LIBRARY = "libc++";
				CLANG_ENABLE_MODULES = YES;
				CLANG_ENABLE_OBJC_ARC = YES;
				CLANG_WARN_BOOL_CONVERSION = YES;
				CLANG_WARN_CONSTANT_CONVERSION = YES;
				CLANG_WARN_DIRECT_OBJC_ISA_USAGE = YES_ERROR;
				CLANG_WARN_EMPTY_BODY = YES;
				CLANG_WARN_ENUM_CONVERSION = YES;
				CLANG_WARN_INT_CONVERSION = YES;
				CLANG_WARN_OBJC_ROOT_CLASS = YES_ERROR;
				CLANG_WARN__DUPLICATE_METHOD_MATCH = YES;
				"CODE_SIGN_IDENTITY[sdk=iphoneos*]" = "iPhone Developer";
				COPY_PHASE_STRIP = NO;
				GCC_C_LANGUAGE_STANDARD = gnu99;
				GCC_DYNAMIC_NO_PIC = NO;
				GCC_OPTIMIZATION_LEVEL = 0;
				GCC_PREPROCESSOR_DEFINITIONS = (
					"DEBUG=1",
					"$(inherited)",
				);
				GCC_SYMBOLS_PRIVATE_EXTERN = NO;
				GCC_WARN_64_TO_32_BIT_CONVERSION = YES;
				GCC_WARN_ABOUT_RETURN_TYPE = YES_ERROR;
				GCC_WARN_UNDECLARED_SELECTOR = YES;
				GCC_WARN_UNINITIALIZED_AUTOS = YES_AGGRESSIVE;
				GCC_WARN_UNUSED_FUNCTION = YES;
				GCC_WARN_UNUSED_VARIABLE = YES;
				IPHONEOS_DEPLOYMENT_TARGET = 7.1;
				ONLY_ACTIVE_ARCH = YES;
				SDKROOT = iphoneos;
			};
			name = Debug;
		};
		228ED14719B97CA60065BE86 /* Release */ = {
			isa = XCBuildConfiguration;
			buildSettings = {
				ALWAYS_SEARCH_USER_PATHS = NO;
				CLANG_CXX_LANGUAGE_STANDARD = "gnu++0x";
				CLANG_CXX_LIBRARY = "libc++";
				CLANG_ENABLE_MODULES = YES;
				CLANG_ENABLE_OBJC_ARC = YES;
				CLANG_WARN_BOOL_CONVERSION = YES;
				CLANG_WARN_CONSTANT_CONVERSION = YES;
				CLANG_WARN_DIRECT_OBJC_ISA_USAGE = YES_ERROR;
				CLANG_WARN_EMPTY_BODY = YES;
				CLANG_WARN_ENUM_CONVERSION = YES;
				CLANG_WARN_INT_CONVERSION = YES;
				CLANG_WARN_OBJC_ROOT_CLASS = YES_ERROR;
				CLANG_WARN__DUPLICATE_METHOD_MATCH = YES;
				"CODE_SIGN_IDENTITY[sdk=iphoneos*]" = "iPhone Developer";
				COPY_PHASE_STRIP = YES;
				ENABLE_NS_ASSERTIONS = NO;
				GCC_C_LANGUAGE_STANDARD = gnu99;
				GCC_WARN_64_TO_32_BIT_CONVERSION = YES;
				GCC_WARN_ABOUT_RETURN_TYPE = YES_ERROR;
				GCC_WARN_UNDECLARED_SELECTOR = YES;
				GCC_WARN_UNINITIALIZED_AUTOS = YES_AGGRESSIVE;
				GCC_WARN_UNUSED_FUNCTION = YES;
				GCC_WARN_UNUSED_VARIABLE = YES;
				IPHONEOS_DEPLOYMENT_TARGET = 7.1;
				SDKROOT = iphoneos;
				VALIDATE_PRODUCT = YES;
			};
			name = Release;
		};
		228ED14919B97CA60065BE86 /* Debug */ = {
			isa = XCBuildConfiguration;
			buildSettings = {
				ASSETCATALOG_COMPILER_APPICON_NAME = AppIcon;
				ASSETCATALOG_COMPILER_LAUNCHIMAGE_NAME = LaunchImage;
				GCC_PRECOMPILE_PREFIX_HEADER = YES;
				GCC_PREFIX_HEADER = "TwitterNewsReader/TwitterNewsReader-Prefix.pch";
				INFOPLIST_FILE = "TwitterNewsReader/TwitterNewsReader-Info.plist";
				PRODUCT_NAME = "$(TARGET_NAME)";
				WRAPPER_EXTENSION = app;
			};
			name = Debug;
		};
		228ED14A19B97CA60065BE86 /* Release */ = {
			isa = XCBuildConfiguration;
			buildSettings = {
				ASSETCATALOG_COMPILER_APPICON_NAME = AppIcon;
				ASSETCATALOG_COMPILER_LAUNCHIMAGE_NAME = LaunchImage;
				GCC_PRECOMPILE_PREFIX_HEADER = YES;
				GCC_PREFIX_HEADER = "TwitterNewsReader/TwitterNewsReader-Prefix.pch";
				INFOPLIST_FILE = "TwitterNewsReader/TwitterNewsReader-Info.plist";
				PRODUCT_NAME = "$(TARGET_NAME)";
				WRAPPER_EXTENSION = app;
			};
			name = Release;
		};
		228ED14C19B97CA60065BE86 /* Debug */ = {
			isa = XCBuildConfiguration;
			buildSettings = {
				BUNDLE_LOADER = "$(BUILT_PRODUCTS_DIR)/TwitterNewsReader.app/TwitterNewsReader";
				FRAMEWORK_SEARCH_PATHS = (
					"$(SDKROOT)/Developer/Library/Frameworks",
					"$(inherited)",
					"$(DEVELOPER_FRAMEWORKS_DIR)",
				);
				GCC_PRECOMPILE_PREFIX_HEADER = YES;
				GCC_PREFIX_HEADER = "TwitterNewsReader/TwitterNewsReader-Prefix.pch";
				GCC_PREPROCESSOR_DEFINITIONS = (
					"DEBUG=1",
					"$(inherited)",
				);
				INFOPLIST_FILE = "TwitterNewsReaderTests/TwitterNewsReaderTests-Info.plist";
				PRODUCT_NAME = "$(TARGET_NAME)";
				TEST_HOST = "$(BUNDLE_LOADER)";
				WRAPPER_EXTENSION = xctest;
			};
			name = Debug;
		};
		228ED14D19B97CA60065BE86 /* Release */ = {
			isa = XCBuildConfiguration;
			buildSettings = {
				BUNDLE_LOADER = "$(BUILT_PRODUCTS_DIR)/TwitterNewsReader.app/TwitterNewsReader";
				FRAMEWORK_SEARCH_PATHS = (
					"$(SDKROOT)/Developer/Library/Frameworks",
					"$(inherited)",
					"$(DEVELOPER_FRAMEWORKS_DIR)",
				);
				GCC_PRECOMPILE_PREFIX_HEADER = YES;
				GCC_PREFIX_HEADER = "TwitterNewsReader/TwitterNewsReader-Prefix.pch";
				INFOPLIST_FILE = "TwitterNewsReaderTests/TwitterNewsReaderTests-Info.plist";
				PRODUCT_NAME = "$(TARGET_NAME)";
				TEST_HOST = "$(BUNDLE_LOADER)";
				WRAPPER_EXTENSION = xctest;
			};
			name = Release;
		};
/* End XCBuildConfiguration section */

/* Begin XCConfigurationList section */
		228ED11719B97CA50065BE86 /* Build configuration list for PBXProject "TwitterNewsReader" */ = {
			isa = XCConfigurationList;
			buildConfigurations = (
				228ED14619B97CA60065BE86 /* Debug */,
				228ED14719B97CA60065BE86 /* Release */,
			);
			defaultConfigurationIsVisible = 0;
			defaultConfigurationName = Release;
		};
		228ED14819B97CA60065BE86 /* Build configuration list for PBXNativeTarget "TwitterNewsReader" */ = {
			isa = XCConfigurationList;
			buildConfigurations = (
				228ED14919B97CA60065BE86 /* Debug */,
				228ED14A19B97CA60065BE86 /* Release */,
			);
			defaultConfigurationIsVisible = 0;
			defaultConfigurationName = Release;
		};
		228ED14B19B97CA60065BE86 /* Build configuration list for PBXNativeTarget "TwitterNewsReaderTests" */ = {
			isa = XCConfigurationList;
			buildConfigurations = (
				228ED14C19B97CA60065BE86 /* Debug */,
				228ED14D19B97CA60065BE86 /* Release */,
			);
			defaultConfigurationIsVisible = 0;
			defaultConfigurationName = Release;
		};
/* End XCConfigurationList section */
	};
	rootObject = 228ED11419B97CA50065BE86 /* Project object */;
}
